
Microsoft Visual Studio Solution File, Format Version 12.00
# Visual Studio Version 16
VisualStudioVersion = 16.0.29709.97
MinimumVisualStudioVersion = 10.0.40219.1
Project("{FAE04EC0-301F-11D3-BF4B-00C04F79EFBC}") = "Logger", "Logger\Logger.csproj", "{84D49FE4-ED59-4BA5-A310-A2EB4AD31C1D}"
EndProject
Global
	GlobalSection(SolutionConfigurationPlatforms) = preSolution
		Debug|Any CPU = Debug|Any CPU
		Release|Any CPU = Release|Any CPU
	EndGlobalSection
	GlobalSection(ProjectConfigurationPlatforms) = postSolution
		{84D49FE4-ED59-4BA5-A310-A2EB4AD31C1D}.Debug|Any CPU.ActiveCfg = Debug|Any CPU
		{84D49FE4-ED59-4BA5-A310-A2EB4AD31C1D}.Debug|Any CPU.Build.0 = Debug|Any CPU
		{84D49FE4-ED59-4BA5-A310-A2EB4AD31C1D}.Release|Any CPU.ActiveCfg = Release|Any CPU
		{84D49FE4-ED59-4BA5-A310-A2EB4AD31C1D}.Release|Any CPU.Build.0 = Release|Any CPU
	EndGlobalSection
	GlobalSection(SolutionProperties) = preSolution
		HideSolutionNode = FALSE
	EndGlobalSection
	GlobalSection(ExtensibilityGlobals) = postSolution
		SolutionGuid = {B4515609-3A88-4DD3-9620-C129F22A898E}
	EndGlobalSection
EndGlobal
